{
  "object": {
    "pins": [
      {
        "package": "OpenSSL",
        "repositoryURL": "https://github.com/lingoer/openssl-xcframeworks.git",
        "state": {
          "branch": null,
          "revision": "8af72b6e8db2c84be114f5a7dc477c7d9355bf1f",
          "version": "1.1.1"
        }
      }
    ]
  },
  "version": 1
}
